// !$*UTF8*$!
{
	archiveVersion = 1;
	classes = {
	};
	objectVersion = 56;
	objects = {

/* Begin PBXBuildFile section */
		B261D53228F35CE400DA15F6 /* NumbersOnly.swift in Sources */ = {isa = PBXBuildFile; fileRef = B261D53128F35CE400DA15F6 /* NumbersOnly.swift */; };
		B2B75C4528DADA2C00408D19 /* iOSTestingApp.swift in Sources */ = {isa = PBXBuildFile; fileRef = B2B75C4428DADA2C00408D19 /* iOSTestingApp.swift */; };
		B2B75C4928DADA2D00408D19 /* Assets.xcassets in Resources */ = {isa = PBXBuildFile; fileRef = B2B75C4828DADA2D00408D19 /* Assets.xcassets */; };
		B2B75C4C28DADA2D00408D19 /* Preview Assets.xcassets in Resources */ = {isa = PBXBuildFile; fileRef = B2B75C4B28DADA2D00408D19 /* Preview Assets.xcassets */; };
		B2B75C5428DAE74500408D19 /* ContentView.swift in Sources */ = {isa = PBXBuildFile; fileRef = B2B75C4628DADA2C00408D19 /* ContentView.swift */; };
		B2B75C5628DAE76400408D19 /* ButtonView.swift in Sources */ = {isa = PBXBuildFile; fileRef = B2B75C5528DAE76400408D19 /* ButtonView.swift */; };
		B2B75C5828DAF52400408D19 /* SwipeView.swift in Sources */ = {isa = PBXBuildFile; fileRef = B2B75C5728DAF52400408D19 /* SwipeView.swift */; };
		B2B75C5C28DAF71600408D19 /* VerticalScrollView.swift in Sources */ = {isa = PBXBuildFile; fileRef = B2B75C5B28DAF71600408D19 /* VerticalScrollView.swift */; };
		B2CBE4F828F1FB140028C841 /* AddressDetailsView.swift in Sources */ = {isa = PBXBuildFile; fileRef = B2CBE4F728F1FB140028C841 /* AddressDetailsView.swift */; };
		B2CBE4FE28F298CD0028C841 /* CountryView.swift in Sources */ = {isa = PBXBuildFile; fileRef = B2CBE4FD28F298CD0028C841 /* CountryView.swift */; };
/* End PBXBuildFile section */

/* Begin PBXFileReference section */
		B261D53128F35CE400DA15F6 /* NumbersOnly.swift */ = {isa = PBXFileReference; lastKnownFileType = sourcecode.swift; path = NumbersOnly.swift; sourceTree = "<group>"; };
		B2B75C4128DADA2C00408D19 /* iOSTesting.app */ = {isa = PBXFileReference; explicitFileType = wrapper.application; includeInIndex = 0; path = iOSTesting.app; sourceTree = BUILT_PRODUCTS_DIR; };
		B2B75C4428DADA2C00408D19 /* iOSTestingApp.swift */ = {isa = PBXFileReference; lastKnownFileType = sourcecode.swift; path = iOSTestingApp.swift; sourceTree = "<group>"; };
		B2B75C4628DADA2C00408D19 /* ContentView.swift */ = {isa = PBXFileReference; lastKnownFileType = sourcecode.swift; path = ContentView.swift; sourceTree = "<group>"; };
		B2B75C4828DADA2D00408D19 /* Assets.xcassets */ = {isa = PBXFileReference; lastKnownFileType = folder.assetcatalog; path = Assets.xcassets; sourceTree = "<group>"; };
		B2B75C4B28DADA2D00408D19 /* Preview Assets.xcassets */ = {isa = PBXFileReference; lastKnownFileType = folder.assetcatalog; path = "Preview Assets.xcassets"; sourceTree = "<group>"; };
		B2B75C5528DAE76400408D19 /* ButtonView.swift */ = {isa = PBXFileReference; lastKnownFileType = sourcecode.swift; path = ButtonView.swift; sourceTree = "<group>"; };
		B2B75C5728DAF52400408D19 /* SwipeView.swift */ = {isa = PBXFileReference; lastKnownFileType = sourcecode.swift; path = SwipeView.swift; sourceTree = "<group>"; };
		B2B75C5B28DAF71600408D19 /* VerticalScrollView.swift */ = {isa = PBXFileReference; lastKnownFileType = sourcecode.swift; path = VerticalScrollView.swift; sourceTree = "<group>"; };
		B2CBE4F728F1FB140028C841 /* AddressDetailsView.swift */ = {isa = PBXFileReference; lastKnownFileType = sourcecode.swift; path = AddressDetailsView.swift; sourceTree = "<group>"; };
		B2CBE4FD28F298CD0028C841 /* CountryView.swift */ = {isa = PBXFileReference; lastKnownFileType = sourcecode.swift; path = CountryView.swift; sourceTree = "<group>"; };
/* End PBXFileReference section */

/* Begin PBXFrameworksBuildPhase section */
		B2B75C3E28DADA2C00408D19 /* Frameworks */ = {
			isa = PBXFrameworksBuildPhase;
			buildActionMask = 2147483647;
			files = (
			);
			runOnlyForDeploymentPostprocessing = 0;
		};
/* End PBXFrameworksBuildPhase section */

/* Begin PBXGroup section */
		B2B75C3828DADA2C00408D19 = {
			isa = PBXGroup;
			children = (
				B2B75C4328DADA2C00408D19 /* iOSTesting */,
				B2B75C4228DADA2C00408D19 /* Products */,
			);
			sourceTree = "<group>";
		};
		B2B75C4228DADA2C00408D19 /* Products */ = {
			isa = PBXGroup;
			children = (
				B2B75C4128DADA2C00408D19 /* iOSTesting.app */,
			);
			name = Products;
			sourceTree = "<group>";
		};
		B2B75C4328DADA2C00408D19 /* iOSTesting */ = {
			isa = PBXGroup;
			children = (
				B2B75C4428DADA2C00408D19 /* iOSTestingApp.swift */,
				B2B75C4628DADA2C00408D19 /* ContentView.swift */,
				B2B75C5528DAE76400408D19 /* ButtonView.swift */,
				B2B75C5728DAF52400408D19 /* SwipeView.swift */,
				B2B75C5B28DAF71600408D19 /* VerticalScrollView.swift */,
				B2CBE4FD28F298CD0028C841 /* CountryView.swift */,
				B261D53128F35CE400DA15F6 /* NumbersOnly.swift */,
				B2CBE4F728F1FB140028C841 /* AddressDetailsView.swift */,
				B2B75C4828DADA2D00408D19 /* Assets.xcassets */,
				B2B75C4A28DADA2D00408D19 /* Preview Content */,
			);
			path = iOSTesting;
			sourceTree = "<group>";
		};
		B2B75C4A28DADA2D00408D19 /* Preview Content */ = {
			isa = PBXGroup;
			children = (
				B2B75C4B28DADA2D00408D19 /* Preview Assets.xcassets */,
			);
			path = "Preview Content";
			sourceTree = "<group>";
		};
/* End PBXGroup section */

/* Begin PBXNativeTarget section */
		B2B75C4028DADA2C00408D19 /* iOSTesting */ = {
			isa = PBXNativeTarget;
			buildConfigurationList = B2B75C4F28DADA2D00408D19 /* Build configuration list for PBXNativeTarget "iOSTesting" */;
			buildPhases = (
				B2B75C3D28DADA2C00408D19 /* Sources */,
				B2B75C3E28DADA2C00408D19 /* Frameworks */,
				B2B75C3F28DADA2C00408D19 /* Resources */,
			);
			buildRules = (
			);
			dependencies = (
			);
			name = iOSTesting;
			productName = iOSTesting;
			productReference = B2B75C4128DADA2C00408D19 /* iOSTesting.app */;
			productType = "com.apple.product-type.application";
		};
/* End PBXNativeTarget section */

/* Begin PBXProject section */
		B2B75C3928DADA2C00408D19 /* Project object */ = {
			isa = PBXProject;
			attributes = {
				BuildIndependentTargetsInParallel = 1;
				LastSwiftUpdateCheck = 1400;
				LastUpgradeCheck = 1400;
				TargetAttributes = {
					B2B75C4028DADA2C00408D19 = {
						CreatedOnToolsVersion = 14.0;
					};
				};
			};
			buildConfigurationList = B2B75C3C28DADA2C00408D19 /* Build configuration list for PBXProject "iOSTesting" */;
			compatibilityVersion = "Xcode 14.0";
			developmentRegion = en;
			hasScannedForEncodings = 0;
			knownRegions = (
				en,
				Base,
			);
			mainGroup = B2B75C3828DADA2C00408D19;
			productRefGroup = B2B75C4228DADA2C00408D19 /* Products */;
			projectDirPath = "";
			projectRoot = "";
			targets = (
				B2B75C4028DADA2C00408D19 /* iOSTesting */,
			);
		};
/* End PBXProject section */

/* Begin PBXResourcesBuildPhase section */
		B2B75C3F28DADA2C00408D19 /* Resources */ = {
			isa = PBXResourcesBuildPhase;
			buildActionMask = 2147483647;
			files = (
				B2B75C4C28DADA2D00408D19 /* Preview Assets.xcassets in Resources */,
				B2B75C4928DADA2D00408D19 /* Assets.xcassets in Resources */,
			);
			runOnlyForDeploymentPostprocessing = 0;
		};
/* End PBXResourcesBuildPhase section */

/* Begin PBXSourcesBuildPhase section */
		B2B75C3D28DADA2C00408D19 /* Sources */ = {
			isa = PBXSourcesBuildPhase;
			buildActionMask = 2147483647;
			files = (
				B2B75C5428DAE74500408D19 /* ContentView.swift in Sources */,
				B2B75C5828DAF52400408D19 /* SwipeView.swift in Sources */,
				B261D53228F35CE400DA15F6 /* NumbersOnly.swift in Sources */,
				B2B75C4528DADA2C00408D19 /* iOSTestingApp.swift in Sources */,
				B2B75C5C28DAF71600408D19 /* VerticalScrollView.swift in Sources */,
				B2CBE4F828F1FB140028C841 /* AddressDetailsView.swift in Sources */,
				B2CBE4FE28F298CD0028C841 /* CountryView.swift in Sources */,
				B2B75C5628DAE76400408D19 /* ButtonView.swift in Sources */,
			);
			runOnlyForDeploymentPostprocessing = 0;
		};
/* End PBXSourcesBuildPhase section */

/* Begin XCBuildConfiguration section */
		B2B75C4D28DADA2D00408D19 /* Debug */ = {
			isa = XCBuildConfiguration;
			buildSettings = {
				ALWAYS_SEARCH_USER_PATHS = NO;
				CLANG_ANALYZER_NONNULL = YES;
				CLANG_ANALYZER_NUMBER_OBJECT_CONVERSION = YES_AGGRESSIVE;
				CLANG_CXX_LANGUAGE_STANDARD = "gnu++20";
				CLANG_ENABLE_MODULES = YES;
				CLANG_ENABLE_OBJC_ARC = YES;
				CLANG_ENABLE_OBJC_WEAK = YES;
				CLANG_WARN_BLOCK_CAPTURE_AUTORELEASING = YES;
				CLANG_WARN_BOOL_CONVERSION = YES;
				CLANG_WARN_COMMA = YES;
				CLANG_WARN_CONSTANT_CONVERSION = YES;
				CLANG_WARN_DEPRECATED_OBJC_IMPLEMENTATIONS = YES;
				CLANG_WARN_DIRECT_OBJC_ISA_USAGE = YES_ERROR;
				CLANG_WARN_DOCUMENTATION_COMMENTS = YES;
				CLANG_WARN_EMPTY_BODY = YES;
				CLANG_WARN_ENUM_CONVERSION = YES;
				CLANG_WARN_INFINITE_RECURSION = YES;
				CLANG_WARN_INT_CONVERSION = YES;
				CLANG_WARN_NON_LITERAL_NULL_CONVERSION = YES;
				CLANG_WARN_OBJC_IMPLICIT_RETAIN_SELF = YES;
				CLANG_WARN_OBJC_LITERAL_CONVERSION = YES;
				CLANG_WARN_OBJC_ROOT_CLASS = YES_ERROR;
				CLANG_WARN_QUOTED_INCLUDE_IN_FRAMEWORK_HEADER = YES;
				CLANG_WARN_RANGE_LOOP_ANALYSIS = YES;
				CLANG_WARN_STRICT_PROTOTYPES = YES;
				CLANG_WARN_SUSPICIOUS_MOVE = YES;
				CLANG_WARN_UNGUARDED_AVAILABILITY = YES_AGGRESSIVE;
				CLANG_WARN_UNREACHABLE_CODE = YES;
				CLANG_WARN__DUPLICATE_METHOD_MATCH = YES;
				COPY_PHASE_STRIP = NO;
				DEBUG_INFORMATION_FORMAT = dwarf;
				ENABLE_STRICT_OBJC_MSGSEND = YES;
				ENABLE_TESTABILITY = YES;
				GCC_C_LANGUAGE_STANDARD = gnu11;
				GCC_DYNAMIC_NO_PIC = NO;
				GCC_NO_COMMON_BLOCKS = YES;
				GCC_OPTIMIZATION_LEVEL = 0;
				GCC_PREPROCESSOR_DEFINITIONS = (
					"DEBUG=1",
					"$(inherited)",
				);
				GCC_WARN_64_TO_32_BIT_CONVERSION = YES;
				GCC_WARN_ABOUT_RETURN_TYPE = YES_ERROR;
				GCC_WARN_UNDECLARED_SELECTOR = YES;
				GCC_WARN_UNINITIALIZED_AUTOS = YES_AGGRESSIVE;
				GCC_WARN_UNUSED_FUNCTION = YES;
				GCC_WARN_UNUSED_VARIABLE = YES;
				IPHONEOS_DEPLOYMENT_TARGET = 16.0;
				MTL_ENABLE_DEBUG_INFO = INCLUDE_SOURCE;
				MTL_FAST_MATH = YES;
				ONLY_ACTIVE_ARCH = YES;
				SDKROOT = iphoneos;
				SWIFT_ACTIVE_COMPILATION_CONDITIONS = DEBUG;
				SWIFT_OPTIMIZATION_LEVEL = "-Onone";
			};
			name = Debug;
		};
		B2B75C4E28DADA2D00408D19 /* Release */ = {
			isa = XCBuildConfiguration;
			buildSettings = {
				ALWAYS_SEARCH_USER_PATHS = NO;
				CLANG_ANALYZER_NONNULL = YES;
				CLANG_ANALYZER_NUMBER_OBJECT_CONVERSION = YES_AGGRESSIVE;
				CLANG_CXX_LANGUAGE_STANDARD = "gnu++20";
				CLANG_ENABLE_MODULES = YES;
				CLANG_ENABLE_OBJC_ARC = YES;
				CLANG_ENABLE_OBJC_WEAK = YES;
				CLANG_WARN_BLOCK_CAPTURE_AUTORELEASING = YES;
				CLANG_WARN_BOOL_CONVERSION = YES;
				CLANG_WARN_COMMA = YES;
				CLANG_WARN_CONSTANT_CONVERSION = YES;
				CLANG_WARN_DEPRECATED_OBJC_IMPLEMENTATIONS = YES;
				CLANG_WARN_DIRECT_OBJC_ISA_USAGE = YES_ERROR;
				CLANG_WARN_DOCUMENTATION_COMMENTS = YES;
				CLANG_WARN_EMPTY_BODY = YES;
				CLANG_WARN_ENUM_CONVERSION = YES;
				CLANG_WARN_INFINITE_RECURSION = YES;
				CLANG_WARN_INT_CONVERSION = YES;
				CLANG_WARN_NON_LITERAL_NULL_CONVERSION = YES;
				CLANG_WARN_OBJC_IMPLICIT_RETAIN_SELF = YES;
				CLANG_WARN_OBJC_LITERAL_CONVERSION = YES;
				CLANG_WARN_OBJC_ROOT_CLASS = YES_ERROR;
				CLANG_WARN_QUOTED_INCLUDE_IN_FRAMEWORK_HEADER = YES;
				CLANG_WARN_RANGE_LOOP_ANALYSIS = YES;
				CLANG_WARN_STRICT_PROTOTYPES = YES;
				CLANG_WARN_SUSPICIOUS_MOVE = YES;
				CLANG_WARN_UNGUARDED_AVAILABILITY = YES_AGGRESSIVE;
				CLANG_WARN_UNREACHABLE_CODE = YES;
				CLANG_WARN__DUPLICATE_METHOD_MATCH = YES;
				COPY_PHASE_STRIP = NO;
				DEBUG_INFORMATION_FORMAT = "dwarf-with-dsym";
				ENABLE_NS_ASSERTIONS = NO;
				ENABLE_STRICT_OBJC_MSGSEND = YES;
				GCC_C_LANGUAGE_STANDARD = gnu11;
				GCC_NO_COMMON_BLOCKS = YES;
				GCC_WARN_64_TO_32_BIT_CONVERSION = YES;
				GCC_WARN_ABOUT_RETURN_TYPE = YES_ERROR;
				GCC_WARN_UNDECLARED_SELECTOR = YES;
				GCC_WARN_UNINITIALIZED_AUTOS = YES_AGGRESSIVE;
				GCC_WARN_UNUSED_FUNCTION = YES;
				GCC_WARN_UNUSED_VARIABLE = YES;
				IPHONEOS_DEPLOYMENT_TARGET = 16.0;
				MTL_ENABLE_DEBUG_INFO = NO;
				MTL_FAST_MATH = YES;
				SDKROOT = iphoneos;
				SWIFT_COMPILATION_MODE = wholemodule;
				SWIFT_OPTIMIZATION_LEVEL = "-O";
				VALIDATE_PRODUCT = YES;
			};
			name = Release;
		};
		B2B75C5028DADA2D00408D19 /* Debug */ = {
			isa = XCBuildConfiguration;
			buildSettings = {
				ASSETCATALOG_COMPILER_APPICON_NAME = AppIcon;
				ASSETCATALOG_COMPILER_GLOBAL_ACCENT_COLOR_NAME = AccentColor;
				CODE_SIGN_STYLE = Automatic;
				CURRENT_PROJECT_VERSION = 1;
				DEVELOPMENT_ASSET_PATHS = "\"iOSTesting/Preview Content\"";
				ENABLE_PREVIEWS = YES;
				GENERATE_INFOPLIST_FILE = YES;
				INFOPLIST_KEY_UIApplicationSceneManifest_Generation = YES;
				INFOPLIST_KEY_UIApplicationSupportsIndirectInputEvents = YES;
				INFOPLIST_KEY_UILaunchScreen_Generation = YES;
				INFOPLIST_KEY_UISupportedInterfaceOrientations_iPad = "UIInterfaceOrientationPortrait UIInterfaceOrientationPortraitUpsideDown UIInterfaceOrientationLandscapeLeft UIInterfaceOrientationLandscapeRight";
				INFOPLIST_KEY_UISupportedInterfaceOrientations_iPhone = "UIInterfaceOrientationPortrait UIInterfaceOrientationLandscapeLeft UIInterfaceOrientationLandscapeRight";
				LD_RUNPATH_SEARCH_PATHS = (
					"$(inherited)",
					"@executable_path/Frameworks",
				);
				MARKETING_VERSION = 1.0;
				PRODUCT_BUNDLE_IDENTIFIER = com.thoughtworks.iOSTesting;
				PRODUCT_NAME = "$(TARGET_NAME)";
				SWIFT_EMIT_LOC_STRINGS = YES;
				SWIFT_VERSION = 5.0;
				TARGETED_DEVICE_FAMILY = "1,2";
			};
			name = Debug;
		};
		B2B75C5128DADA2D00408D19 /* Release */ = {
			isa = XCBuildConfiguration;
			buildSettings = {
				ASSETCATALOG_COMPILER_APPICON_NAME = AppIcon;
				ASSETCATALOG_COMPILER_GLOBAL_ACCENT_COLOR_NAME = AccentColor;
				CODE_SIGN_STYLE = Automatic;
				CURRENT_PROJECT_VERSION = 1;
				DEVELOPMENT_ASSET_PATHS = "\"iOSTesting/Preview Content\"";
				ENABLE_PREVIEWS = YES;
				GENERATE_INFOPLIST_FILE = YES;
				INFOPLIST_KEY_UIApplicationSceneManifest_Generation = YES;
				INFOPLIST_KEY_UIApplicationSupportsIndirectInputEvents = YES;
				INFOPLIST_KEY_UILaunchScreen_Generation = YES;
				INFOPLIST_KEY_UISupportedInterfaceOrientations_iPad = "UIInterfaceOrientationPortrait UIInterfaceOrientationPortraitUpsideDown UIInterfaceOrientationLandscapeLeft UIInterfaceOrientationLandscapeRight";
				INFOPLIST_KEY_UISupportedInterfaceOrientations_iPhone = "UIInterfaceOrientationPortrait UIInterfaceOrientationLandscapeLeft UIInterfaceOrientationLandscapeRight";
				LD_RUNPATH_SEARCH_PATHS = (
					"$(inherited)",
					"@executable_path/Frameworks",
				);
				MARKETING_VERSION = 1.0;
				PRODUCT_BUNDLE_IDENTIFIER = com.thoughtworks.iOSTesting;
				PRODUCT_NAME = "$(TARGET_NAME)";
				SWIFT_EMIT_LOC_STRINGS = YES;
				SWIFT_VERSION = 5.0;
				TARGETED_DEVICE_FAMILY = "1,2";
			};
			name = Release;
		};
/* End XCBuildConfiguration section */

/* Begin XCConfigurationList section */
		B2B75C3C28DADA2C00408D19 /* Build configuration list for PBXProject "iOSTesting" */ = {
			isa = XCConfigurationList;
			buildConfigurations = (
				B2B75C4D28DADA2D00408D19 /* Debug */,
				B2B75C4E28DADA2D00408D19 /* Release */,
			);
			defaultConfigurationIsVisible = 0;
			defaultConfigurationName = Release;
		};
		B2B75C4F28DADA2D00408D19 /* Build configuration list for PBXNativeTarget "iOSTesting" */ = {
			isa = XCConfigurationList;
			buildConfigurations = (
				B2B75C5028DADA2D00408D19 /* Debug */,
				B2B75C5128DADA2D00408D19 /* Release */,
			);
			defaultConfigurationIsVisible = 0;
			defaultConfigurationName = Release;
		};
/* End XCConfigurationList section */
	};
	rootObject = B2B75C3928DADA2C00408D19 /* Project object */;
}
